
Microsoft Visual Studio Solution File, Format Version 12.00
Project("{FAE04EC0-301F-11D3-BF4B-00C04F79EFBC}") = "Jammo.Spelling", "Jammo.Spelling\Jammo.Spelling.csproj", "{37D07252-A3BE-43D1-A6FB-9324F0D9FECB}"
EndProject
Project("{FAE04EC0-301F-11D3-BF4B-00C04F79EFBC}") = "Jammo.Spelling-Tests", "Jammo.Spelling-Tests\Jammo.Spelling-Tests.csproj", "{0FB228AB-85FC-4CD8-BCBF-2C32194623D4}"
EndProject
Global
	GlobalSection(SolutionConfigurationPlatforms) = preSolution
		Debug|Any CPU = Debug|Any CPU
		Release|Any CPU = Release|Any CPU
	EndGlobalSection
	GlobalSection(ProjectConfigurationPlatforms) = postSolution
		{37D07252-A3BE-43D1-A6FB-9324F0D9FECB}.Debug|Any CPU.ActiveCfg = Debug|Any CPU
		{37D07252-A3BE-43D1-A6FB-9324F0D9FECB}.Debug|Any CPU.Build.0 = Debug|Any CPU
		{37D07252-A3BE-43D1-A6FB-9324F0D9FECB}.Release|Any CPU.ActiveCfg = Release|Any CPU
		{37D07252-A3BE-43D1-A6FB-9324F0D9FECB}.Release|Any CPU.Build.0 = Release|Any CPU
		{0FB228AB-85FC-4CD8-BCBF-2C32194623D4}.Debug|Any CPU.ActiveCfg = Debug|Any CPU
		{0FB228AB-85FC-4CD8-BCBF-2C32194623D4}.Debug|Any CPU.Build.0 = Debug|Any CPU
		{0FB228AB-85FC-4CD8-BCBF-2C32194623D4}.Release|Any CPU.ActiveCfg = Release|Any CPU
		{0FB228AB-85FC-4CD8-BCBF-2C32194623D4}.Release|Any CPU.Build.0 = Release|Any CPU
	EndGlobalSection
EndGlobal
